// !$*UTF8*$!
{
	archiveVersion = 1;
	classes = {
	};
	objectVersion = 50;
	objects = {

/* Begin PBXBuildFile section */
		120117D7DB98E1006E1E7A35 /* Pods_CryptoView.framework in Frameworks */ = {isa = PBXBuildFile; fileRef = 70F1F61CD998BD55D6F7B6D0 /* Pods_CryptoView.framework */; };
		9802376A9A3A3121C1574BBD /* Pods_CryptoViewUITests.framework in Frameworks */ = {isa = PBXBuildFile; fileRef = BAB32CB07A740FFA45BDAE13 /* Pods_CryptoViewUITests.framework */; };
		A752809ADF0899A2D6B9FC72 /* Pods_CryptoViewTests.framework in Frameworks */ = {isa = PBXBuildFile; fileRef = 2404E417F61ACC52E543BFF6 /* Pods_CryptoViewTests.framework */; };
		E424544422AF604D003AE4B7 /* SecondViewController.swift in Sources */ = {isa = PBXBuildFile; fileRef = E424544322AF604D003AE4B7 /* SecondViewController.swift */; };
		E424544622AF7745003AE4B7 /* SecondViewControllerUI.swift in Sources */ = {isa = PBXBuildFile; fileRef = E424544522AF7745003AE4B7 /* SecondViewControllerUI.swift */; };
		E424544822AF8B19003AE4B7 /* SecondViewControllerIteractor.swift in Sources */ = {isa = PBXBuildFile; fileRef = E424544722AF8B19003AE4B7 /* SecondViewControllerIteractor.swift */; };
		E49EE47122ACFA910012963C /* AppDelegate.swift in Sources */ = {isa = PBXBuildFile; fileRef = E49EE47022ACFA910012963C /* AppDelegate.swift */; };
		E49EE47322ACFA910012963C /* MainViewController.swift in Sources */ = {isa = PBXBuildFile; fileRef = E49EE47222ACFA910012963C /* MainViewController.swift */; };
		E49EE47622ACFA910012963C /* Main.storyboard in Resources */ = {isa = PBXBuildFile; fileRef = E49EE47422ACFA910012963C /* Main.storyboard */; };
		E49EE47822ACFA920012963C /* Assets.xcassets in Resources */ = {isa = PBXBuildFile; fileRef = E49EE47722ACFA920012963C /* Assets.xcassets */; };
		E49EE47B22ACFA920012963C /* LaunchScreen.storyboard in Resources */ = {isa = PBXBuildFile; fileRef = E49EE47922ACFA920012963C /* LaunchScreen.storyboard */; };
		E49EE48622ACFA930012963C /* CryptoViewTests.swift in Sources */ = {isa = PBXBuildFile; fileRef = E49EE48522ACFA930012963C /* CryptoViewTests.swift */; };
		E49EE49122ACFA930012963C /* CryptoViewUITests.swift in Sources */ = {isa = PBXBuildFile; fileRef = E49EE49022ACFA930012963C /* CryptoViewUITests.swift */; };
		E49EE4A522AD15390012963C /* RealmCrypto.swift in Sources */ = {isa = PBXBuildFile; fileRef = E49EE4A422AD15390012963C /* RealmCrypto.swift */; };
		E49EE4A722AD2B2E0012963C /* LocalCrypto.swift in Sources */ = {isa = PBXBuildFile; fileRef = E49EE4A622AD2B2E0012963C /* LocalCrypto.swift */; };
		E49EE4AA22AD72D30012963C /* DB.swift in Sources */ = {isa = PBXBuildFile; fileRef = E49EE4A922AD72D30012963C /* DB.swift */; };
		E49EE4AD22AD73F30012963C /* RealmExtensions.swift in Sources */ = {isa = PBXBuildFile; fileRef = E49EE4AC22AD73F30012963C /* RealmExtensions.swift */; };
		E49EE4B122AD7B5E0012963C /* Network.swift in Sources */ = {isa = PBXBuildFile; fileRef = E49EE4B022AD7B5E0012963C /* Network.swift */; };
		E49EE4B322AD7DD20012963C /* Constants.swift in Sources */ = {isa = PBXBuildFile; fileRef = E49EE4B222AD7DD20012963C /* Constants.swift */; };
		E49EE4B622AD8DEB0012963C /* Alert.swift in Sources */ = {isa = PBXBuildFile; fileRef = E49EE4B522AD8DEB0012963C /* Alert.swift */; };
		E49EE4B822AD91950012963C /* ViewControllerExtensions.swift in Sources */ = {isa = PBXBuildFile; fileRef = E49EE4B722AD91950012963C /* ViewControllerExtensions.swift */; };
		E4B4640522AE1E3D00792D65 /* CellCrypto.xib in Resources */ = {isa = PBXBuildFile; fileRef = E4B4640422AE1E3D00792D65 /* CellCrypto.xib */; };
		E4B4640722AE223800792D65 /* DoubleExtension.swift in Sources */ = {isa = PBXBuildFile; fileRef = E4B4640622AE223700792D65 /* DoubleExtension.swift */; };
		E4B4640922AE24BF00792D65 /* View.swift in Sources */ = {isa = PBXBuildFile; fileRef = E4B4640822AE24BF00792D65 /* View.swift */; };
		E4B4640B22AE33BC00792D65 /* CellCrypto.swift in Sources */ = {isa = PBXBuildFile; fileRef = E4B4640A22AE33BC00792D65 /* CellCrypto.swift */; };
		E4B4640D22AE3CAE00792D65 /* MainViewControllerTableView.swift in Sources */ = {isa = PBXBuildFile; fileRef = E4B4640C22AE3CAE00792D65 /* MainViewControllerTableView.swift */; };
		E4B4641022AE75FA00792D65 /* MainViewControllerUI.swift in Sources */ = {isa = PBXBuildFile; fileRef = E4B4640F22AE75FA00792D65 /* MainViewControllerUI.swift */; };
		E4B4641222AE7E9500792D65 /* MainViewControllerIteractor.swift in Sources */ = {isa = PBXBuildFile; fileRef = E4B4641122AE7E9500792D65 /* MainViewControllerIteractor.swift */; };
		E4B4641522AEC13100792D65 /* UserSettings.swift in Sources */ = {isa = PBXBuildFile; fileRef = E4B4641422AEC13100792D65 /* UserSettings.swift */; };
/* End PBXBuildFile section */

/* Begin PBXContainerItemProxy section */
		E49EE48222ACFA930012963C /* PBXContainerItemProxy */ = {
			isa = PBXContainerItemProxy;
			containerPortal = E49EE46522ACFA910012963C /* Project object */;
			proxyType = 1;
			remoteGlobalIDString = E49EE46C22ACFA910012963C;
			remoteInfo = CryptoView;
		};
		E49EE48D22ACFA930012963C /* PBXContainerItemProxy */ = {
			isa = PBXContainerItemProxy;
			containerPortal = E49EE46522ACFA910012963C /* Project object */;
			proxyType = 1;
			remoteGlobalIDString = E49EE46C22ACFA910012963C;
			remoteInfo = CryptoView;
		};
/* End PBXContainerItemProxy section */

/* Begin PBXFileReference section */
		23911AFE49F591DFFB50DFFF /* Pods-CryptoView.release.xcconfig */ = {isa = PBXFileReference; includeInIndex = 1; lastKnownFileType = text.xcconfig; name = "Pods-CryptoView.release.xcconfig"; path = "Target Support Files/Pods-CryptoView/Pods-CryptoView.release.xcconfig"; sourceTree = "<group>"; };
		2404E417F61ACC52E543BFF6 /* Pods_CryptoViewTests.framework */ = {isa = PBXFileReference; explicitFileType = wrapper.framework; includeInIndex = 0; path = Pods_CryptoViewTests.framework; sourceTree = BUILT_PRODUCTS_DIR; };
		2629D17A576D7D5BC7725748 /* Pods-CryptoViewUITests.release.xcconfig */ = {isa = PBXFileReference; includeInIndex = 1; lastKnownFileType = text.xcconfig; name = "Pods-CryptoViewUITests.release.xcconfig"; path = "Target Support Files/Pods-CryptoViewUITests/Pods-CryptoViewUITests.release.xcconfig"; sourceTree = "<group>"; };
		4E1ECAE813802798CC284FEF /* Pods-CryptoView.debug.xcconfig */ = {isa = PBXFileReference; includeInIndex = 1; lastKnownFileType = text.xcconfig; name = "Pods-CryptoView.debug.xcconfig"; path = "Target Support Files/Pods-CryptoView/Pods-CryptoView.debug.xcconfig"; sourceTree = "<group>"; };
		53B514A2EAA5105924F34BAF /* Pods-CryptoViewTests.release.xcconfig */ = {isa = PBXFileReference; includeInIndex = 1; lastKnownFileType = text.xcconfig; name = "Pods-CryptoViewTests.release.xcconfig"; path = "Target Support Files/Pods-CryptoViewTests/Pods-CryptoViewTests.release.xcconfig"; sourceTree = "<group>"; };
		70F1F61CD998BD55D6F7B6D0 /* Pods_CryptoView.framework */ = {isa = PBXFileReference; explicitFileType = wrapper.framework; includeInIndex = 0; path = Pods_CryptoView.framework; sourceTree = BUILT_PRODUCTS_DIR; };
		842197C6201C4504036E5A9A /* Pods-CryptoViewTests.debug.xcconfig */ = {isa = PBXFileReference; includeInIndex = 1; lastKnownFileType = text.xcconfig; name = "Pods-CryptoViewTests.debug.xcconfig"; path = "Target Support Files/Pods-CryptoViewTests/Pods-CryptoViewTests.debug.xcconfig"; sourceTree = "<group>"; };
		BAB32CB07A740FFA45BDAE13 /* Pods_CryptoViewUITests.framework */ = {isa = PBXFileReference; explicitFileType = wrapper.framework; includeInIndex = 0; path = Pods_CryptoViewUITests.framework; sourceTree = BUILT_PRODUCTS_DIR; };
		E424544322AF604D003AE4B7 /* SecondViewController.swift */ = {isa = PBXFileReference; lastKnownFileType = sourcecode.swift; path = SecondViewController.swift; sourceTree = "<group>"; };
		E424544522AF7745003AE4B7 /* SecondViewControllerUI.swift */ = {isa = PBXFileReference; lastKnownFileType = sourcecode.swift; path = SecondViewControllerUI.swift; sourceTree = "<group>"; };
		E424544722AF8B19003AE4B7 /* SecondViewControllerIteractor.swift */ = {isa = PBXFileReference; lastKnownFileType = sourcecode.swift; path = SecondViewControllerIteractor.swift; sourceTree = "<group>"; };
		E49EE46D22ACFA910012963C /* CryptoView.app */ = {isa = PBXFileReference; explicitFileType = wrapper.application; includeInIndex = 0; path = CryptoView.app; sourceTree = BUILT_PRODUCTS_DIR; };
		E49EE47022ACFA910012963C /* AppDelegate.swift */ = {isa = PBXFileReference; lastKnownFileType = sourcecode.swift; path = AppDelegate.swift; sourceTree = "<group>"; };
		E49EE47222ACFA910012963C /* MainViewController.swift */ = {isa = PBXFileReference; lastKnownFileType = sourcecode.swift; path = MainViewController.swift; sourceTree = "<group>"; };
		E49EE47522ACFA910012963C /* Base */ = {isa = PBXFileReference; lastKnownFileType = file.storyboard; name = Base; path = Base.lproj/Main.storyboard; sourceTree = "<group>"; };
		E49EE47722ACFA920012963C /* Assets.xcassets */ = {isa = PBXFileReference; lastKnownFileType = folder.assetcatalog; path = Assets.xcassets; sourceTree = "<group>"; };
		E49EE47A22ACFA920012963C /* Base */ = {isa = PBXFileReference; lastKnownFileType = file.storyboard; name = Base; path = Base.lproj/LaunchScreen.storyboard; sourceTree = "<group>"; };
		E49EE47C22ACFA920012963C /* Info.plist */ = {isa = PBXFileReference; lastKnownFileType = text.plist.xml; path = Info.plist; sourceTree = "<group>"; };
		E49EE48122ACFA930012963C /* CryptoViewTests.xctest */ = {isa = PBXFileReference; explicitFileType = wrapper.cfbundle; includeInIndex = 0; path = CryptoViewTests.xctest; sourceTree = BUILT_PRODUCTS_DIR; };
		E49EE48522ACFA930012963C /* CryptoViewTests.swift */ = {isa = PBXFileReference; lastKnownFileType = sourcecode.swift; path = CryptoViewTests.swift; sourceTree = "<group>"; };
		E49EE48722ACFA930012963C /* Info.plist */ = {isa = PBXFileReference; lastKnownFileType = text.plist.xml; path = Info.plist; sourceTree = "<group>"; };
		E49EE48C22ACFA930012963C /* CryptoViewUITests.xctest */ = {isa = PBXFileReference; explicitFileType = wrapper.cfbundle; includeInIndex = 0; path = CryptoViewUITests.xctest; sourceTree = BUILT_PRODUCTS_DIR; };
		E49EE49022ACFA930012963C /* CryptoViewUITests.swift */ = {isa = PBXFileReference; lastKnownFileType = sourcecode.swift; path = CryptoViewUITests.swift; sourceTree = "<group>"; };
		E49EE49222ACFA930012963C /* Info.plist */ = {isa = PBXFileReference; lastKnownFileType = text.plist.xml; path = Info.plist; sourceTree = "<group>"; };
		E49EE4A422AD15390012963C /* RealmCrypto.swift */ = {isa = PBXFileReference; lastKnownFileType = sourcecode.swift; path = RealmCrypto.swift; sourceTree = "<group>"; };
		E49EE4A622AD2B2E0012963C /* LocalCrypto.swift */ = {isa = PBXFileReference; lastKnownFileType = sourcecode.swift; path = LocalCrypto.swift; sourceTree = "<group>"; };
		E49EE4A922AD72D30012963C /* DB.swift */ = {isa = PBXFileReference; lastKnownFileType = sourcecode.swift; path = DB.swift; sourceTree = "<group>"; };
		E49EE4AC22AD73F30012963C /* RealmExtensions.swift */ = {isa = PBXFileReference; lastKnownFileType = sourcecode.swift; path = RealmExtensions.swift; sourceTree = "<group>"; };
		E49EE4B022AD7B5E0012963C /* Network.swift */ = {isa = PBXFileReference; lastKnownFileType = sourcecode.swift; path = Network.swift; sourceTree = "<group>"; };
		E49EE4B222AD7DD20012963C /* Constants.swift */ = {isa = PBXFileReference; lastKnownFileType = sourcecode.swift; path = Constants.swift; sourceTree = "<group>"; };
		E49EE4B522AD8DEB0012963C /* Alert.swift */ = {isa = PBXFileReference; lastKnownFileType = sourcecode.swift; path = Alert.swift; sourceTree = "<group>"; };
		E49EE4B722AD91950012963C /* ViewControllerExtensions.swift */ = {isa = PBXFileReference; lastKnownFileType = sourcecode.swift; path = ViewControllerExtensions.swift; sourceTree = "<group>"; };
		E4B4640422AE1E3D00792D65 /* CellCrypto.xib */ = {isa = PBXFileReference; lastKnownFileType = file.xib; path = CellCrypto.xib; sourceTree = "<group>"; };
		E4B4640622AE223700792D65 /* DoubleExtension.swift */ = {isa = PBXFileReference; lastKnownFileType = sourcecode.swift; path = DoubleExtension.swift; sourceTree = "<group>"; };
		E4B4640822AE24BF00792D65 /* View.swift */ = {isa = PBXFileReference; fileEncoding = 4; lastKnownFileType = sourcecode.swift; path = View.swift; sourceTree = "<group>"; };
		E4B4640A22AE33BC00792D65 /* CellCrypto.swift */ = {isa = PBXFileReference; lastKnownFileType = sourcecode.swift; path = CellCrypto.swift; sourceTree = "<group>"; };
		E4B4640C22AE3CAE00792D65 /* MainViewControllerTableView.swift */ = {isa = PBXFileReference; lastKnownFileType = sourcecode.swift; path = MainViewControllerTableView.swift; sourceTree = "<group>"; };
		E4B4640F22AE75FA00792D65 /* MainViewControllerUI.swift */ = {isa = PBXFileReference; lastKnownFileType = sourcecode.swift; path = MainViewControllerUI.swift; sourceTree = "<group>"; };
		E4B4641122AE7E9500792D65 /* MainViewControllerIteractor.swift */ = {isa = PBXFileReference; lastKnownFileType = sourcecode.swift; path = MainViewControllerIteractor.swift; sourceTree = "<group>"; };
		E4B4641422AEC13100792D65 /* UserSettings.swift */ = {isa = PBXFileReference; lastKnownFileType = sourcecode.swift; path = UserSettings.swift; sourceTree = "<group>"; };
		F873467B0DCA8662CB7E8850 /* Pods-CryptoViewUITests.debug.xcconfig */ = {isa = PBXFileReference; includeInIndex = 1; lastKnownFileType = text.xcconfig; name = "Pods-CryptoViewUITests.debug.xcconfig"; path = "Target Support Files/Pods-CryptoViewUITests/Pods-CryptoViewUITests.debug.xcconfig"; sourceTree = "<group>"; };
/* End PBXFileReference section */

/* Begin PBXFrameworksBuildPhase section */
		E49EE46A22ACFA910012963C /* Frameworks */ = {
			isa = PBXFrameworksBuildPhase;
			buildActionMask = 2147483647;
			files = (
				120117D7DB98E1006E1E7A35 /* Pods_CryptoView.framework in Frameworks */,
			);
			runOnlyForDeploymentPostprocessing = 0;
		};
		E49EE47E22ACFA930012963C /* Frameworks */ = {
			isa = PBXFrameworksBuildPhase;
			buildActionMask = 2147483647;
			files = (
				A752809ADF0899A2D6B9FC72 /* Pods_CryptoViewTests.framework in Frameworks */,
			);
			runOnlyForDeploymentPostprocessing = 0;
		};
		E49EE48922ACFA930012963C /* Frameworks */ = {
			isa = PBXFrameworksBuildPhase;
			buildActionMask = 2147483647;
			files = (
				9802376A9A3A3121C1574BBD /* Pods_CryptoViewUITests.framework in Frameworks */,
			);
			runOnlyForDeploymentPostprocessing = 0;
		};
/* End PBXFrameworksBuildPhase section */

/* Begin PBXGroup section */
		7448994E37A9D32C36A52CA7 /* Pods */ = {
			isa = PBXGroup;
			children = (
				4E1ECAE813802798CC284FEF /* Pods-CryptoView.debug.xcconfig */,
				23911AFE49F591DFFB50DFFF /* Pods-CryptoView.release.xcconfig */,
				842197C6201C4504036E5A9A /* Pods-CryptoViewTests.debug.xcconfig */,
				53B514A2EAA5105924F34BAF /* Pods-CryptoViewTests.release.xcconfig */,
				F873467B0DCA8662CB7E8850 /* Pods-CryptoViewUITests.debug.xcconfig */,
				2629D17A576D7D5BC7725748 /* Pods-CryptoViewUITests.release.xcconfig */,
			);
			path = Pods;
			sourceTree = "<group>";
		};
		D18589E51F194D99615D852A /* Frameworks */ = {
			isa = PBXGroup;
			children = (
				70F1F61CD998BD55D6F7B6D0 /* Pods_CryptoView.framework */,
				2404E417F61ACC52E543BFF6 /* Pods_CryptoViewTests.framework */,
				BAB32CB07A740FFA45BDAE13 /* Pods_CryptoViewUITests.framework */,
			);
			name = Frameworks;
			sourceTree = "<group>";
		};
		E424544922AF9C81003AE4B7 /* ApplicationLayer */ = {
			isa = PBXGroup;
			children = (
				E49EE47022ACFA910012963C /* AppDelegate.swift */,
			);
			path = ApplicationLayer;
			sourceTree = "<group>";
		};
		E424544A22AF9CA9003AE4B7 /* Resources */ = {
			isa = PBXGroup;
			children = (
				E49EE47722ACFA920012963C /* Assets.xcassets */,
				E49EE47922ACFA920012963C /* LaunchScreen.storyboard */,
			);
			path = Resources;
			sourceTree = "<group>";
		};
		E49EE46422ACFA910012963C = {
			isa = PBXGroup;
			children = (
				E49EE46F22ACFA910012963C /* CryptoView */,
				E49EE48422ACFA930012963C /* CryptoViewTests */,
				E49EE48F22ACFA930012963C /* CryptoViewUITests */,
				E49EE46E22ACFA910012963C /* Products */,
				7448994E37A9D32C36A52CA7 /* Pods */,
				D18589E51F194D99615D852A /* Frameworks */,
			);
			sourceTree = "<group>";
		};
		E49EE46E22ACFA910012963C /* Products */ = {
			isa = PBXGroup;
			children = (
				E49EE46D22ACFA910012963C /* CryptoView.app */,
				E49EE48122ACFA930012963C /* CryptoViewTests.xctest */,
				E49EE48C22ACFA930012963C /* CryptoViewUITests.xctest */,
			);
			name = Products;
			sourceTree = "<group>";
		};
		E49EE46F22ACFA910012963C /* CryptoView */ = {
			isa = PBXGroup;
			children = (
				E49EE47C22ACFA920012963C /* Info.plist */,
				E424544A22AF9CA9003AE4B7 /* Resources */,
				E424544922AF9C81003AE4B7 /* ApplicationLayer */,
				E4B4641322AEC0FE00792D65 /* Helpers */,
				E49EE4AB22AD73BD0012963C /* Extensions */,
				E49EE4A822AD729F0012963C /* Services */,
				E49EE49F22AD07960012963C /* DataModels */,
				E49EE49E22AD05E10012963C /* Views */,
			);
			path = CryptoView;
			sourceTree = "<group>";
		};
		E49EE48422ACFA930012963C /* CryptoViewTests */ = {
			isa = PBXGroup;
			children = (
				E49EE48522ACFA930012963C /* CryptoViewTests.swift */,
				E49EE48722ACFA930012963C /* Info.plist */,
			);
			path = CryptoViewTests;
			sourceTree = "<group>";
		};
		E49EE48F22ACFA930012963C /* CryptoViewUITests */ = {
			isa = PBXGroup;
			children = (
				E49EE49022ACFA930012963C /* CryptoViewUITests.swift */,
				E49EE49222ACFA930012963C /* Info.plist */,
			);
			path = CryptoViewUITests;
			sourceTree = "<group>";
		};
		E49EE49E22AD05E10012963C /* Views */ = {
			isa = PBXGroup;
			children = (
				E4B4640E22AE75D900792D65 /* Classes */,
				E4B4640322AE1E1A00792D65 /* Cell */,
				E49EE47422ACFA910012963C /* Main.storyboard */,
			);
			path = Views;
			sourceTree = "<group>";
		};
		E49EE49F22AD07960012963C /* DataModels */ = {
			isa = PBXGroup;
			children = (
				E49EE4A122AD08B80012963C /* Local */,
				E49EE4A022AD08A90012963C /* Realm */,
			);
			path = DataModels;
			sourceTree = "<group>";
		};
		E49EE4A022AD08A90012963C /* Realm */ = {
			isa = PBXGroup;
			children = (
				E49EE4A422AD15390012963C /* RealmCrypto.swift */,
			);
			path = Realm;
			sourceTree = "<group>";
		};
		E49EE4A122AD08B80012963C /* Local */ = {
			isa = PBXGroup;
			children = (
				E49EE4A622AD2B2E0012963C /* LocalCrypto.swift */,
			);
			path = Local;
			sourceTree = "<group>";
		};
		E49EE4A822AD729F0012963C /* Services */ = {
			isa = PBXGroup;
			children = (
				E49EE4B422AD8CD90012963C /* Alert */,
				E49EE4AF22AD7AC40012963C /* Network */,
				E49EE4AE22AD7AB20012963C /* Database */,
			);
			path = Services;
			sourceTree = "<group>";
		};
		E49EE4AB22AD73BD0012963C /* Extensions */ = {
			isa = PBXGroup;
			children = (
				E4B4640822AE24BF00792D65 /* View.swift */,
				E49EE4AC22AD73F30012963C /* RealmExtensions.swift */,
				E49EE4B722AD91950012963C /* ViewControllerExtensions.swift */,
				E4B4640622AE223700792D65 /* DoubleExtension.swift */,
			);
			path = Extensions;
			sourceTree = "<group>";
		};
		E49EE4AE22AD7AB20012963C /* Database */ = {
			isa = PBXGroup;
			children = (
				E49EE4A922AD72D30012963C /* DB.swift */,
			);
			path = Database;
			sourceTree = "<group>";
		};
		E49EE4AF22AD7AC40012963C /* Network */ = {
			isa = PBXGroup;
			children = (
				E49EE4B022AD7B5E0012963C /* Network.swift */,
			);
			path = Network;
			sourceTree = "<group>";
		};
		E49EE4B422AD8CD90012963C /* Alert */ = {
			isa = PBXGroup;
			children = (
				E49EE4B522AD8DEB0012963C /* Alert.swift */,
			);
			path = Alert;
			sourceTree = "<group>";
		};
		E4B4640322AE1E1A00792D65 /* Cell */ = {
			isa = PBXGroup;
			children = (
				E4B4640422AE1E3D00792D65 /* CellCrypto.xib */,
				E4B4640A22AE33BC00792D65 /* CellCrypto.swift */,
			);
			path = Cell;
			sourceTree = "<group>";
		};
		E4B4640E22AE75D900792D65 /* Classes */ = {
			isa = PBXGroup;
			children = (
				E49EE47222ACFA910012963C /* MainViewController.swift */,
				E4B4640C22AE3CAE00792D65 /* MainViewControllerTableView.swift */,
				E4B4640F22AE75FA00792D65 /* MainViewControllerUI.swift */,
				E4B4641122AE7E9500792D65 /* MainViewControllerIteractor.swift */,
				E424544322AF604D003AE4B7 /* SecondViewController.swift */,
				E424544522AF7745003AE4B7 /* SecondViewControllerUI.swift */,
				E424544722AF8B19003AE4B7 /* SecondViewControllerIteractor.swift */,
			);
			path = Classes;
			sourceTree = "<group>";
		};
		E4B4641322AEC0FE00792D65 /* Helpers */ = {
			isa = PBXGroup;
			children = (
				E49EE4B222AD7DD20012963C /* Constants.swift */,
				E4B4641422AEC13100792D65 /* UserSettings.swift */,
			);
			path = Helpers;
			sourceTree = "<group>";
		};
/* End PBXGroup section */

/* Begin PBXNativeTarget section */
		E49EE46C22ACFA910012963C /* CryptoView */ = {
			isa = PBXNativeTarget;
			buildConfigurationList = E49EE49522ACFA930012963C /* Build configuration list for PBXNativeTarget "CryptoView" */;
			buildPhases = (
				ADB20E708BF4F0675EC7D8DC /* [CP] Check Pods Manifest.lock */,
				E49EE46922ACFA910012963C /* Sources */,
				E49EE46A22ACFA910012963C /* Frameworks */,
				E49EE46B22ACFA910012963C /* Resources */,
				FDC880D966E3E460884A0A64 /* [CP] Embed Pods Frameworks */,
			);
			buildRules = (
			);
			dependencies = (
			);
			name = CryptoView;
			productName = CryptoView;
			productReference = E49EE46D22ACFA910012963C /* CryptoView.app */;
			productType = "com.apple.product-type.application";
		};
		E49EE48022ACFA930012963C /* CryptoViewTests */ = {
			isa = PBXNativeTarget;
			buildConfigurationList = E49EE49822ACFA930012963C /* Build configuration list for PBXNativeTarget "CryptoViewTests" */;
			buildPhases = (
				4B0E67F547CE42B6091D05D5 /* [CP] Check Pods Manifest.lock */,
				E49EE47D22ACFA930012963C /* Sources */,
				E49EE47E22ACFA930012963C /* Frameworks */,
				E49EE47F22ACFA930012963C /* Resources */,
			);
			buildRules = (
			);
			dependencies = (
				E49EE48322ACFA930012963C /* PBXTargetDependency */,
			);
			name = CryptoViewTests;
			productName = CryptoViewTests;
			productReference = E49EE48122ACFA930012963C /* CryptoViewTests.xctest */;
			productType = "com.apple.product-type.bundle.unit-test";
		};
		E49EE48B22ACFA930012963C /* CryptoViewUITests */ = {
			isa = PBXNativeTarget;
			buildConfigurationList = E49EE49B22ACFA930012963C /* Build configuration list for PBXNativeTarget "CryptoViewUITests" */;
			buildPhases = (
				EC67F1021817B93B5A9F5038 /* [CP] Check Pods Manifest.lock */,
				E49EE48822ACFA930012963C /* Sources */,
				E49EE48922ACFA930012963C /* Frameworks */,
				E49EE48A22ACFA930012963C /* Resources */,
			);
			buildRules = (
			);
			dependencies = (
				E49EE48E22ACFA930012963C /* PBXTargetDependency */,
			);
			name = CryptoViewUITests;
			productName = CryptoViewUITests;
			productReference = E49EE48C22ACFA930012963C /* CryptoViewUITests.xctest */;
			productType = "com.apple.product-type.bundle.ui-testing";
		};
/* End PBXNativeTarget section */

/* Begin PBXProject section */
		E49EE46522ACFA910012963C /* Project object */ = {
			isa = PBXProject;
			attributes = {
				LastSwiftUpdateCheck = 1020;
				LastUpgradeCheck = 1020;
				ORGANIZATIONNAME = "Ilgiz Fazlyev";
				TargetAttributes = {
					E49EE46C22ACFA910012963C = {
						CreatedOnToolsVersion = 10.2.1;
					};
					E49EE48022ACFA930012963C = {
						CreatedOnToolsVersion = 10.2.1;
						TestTargetID = E49EE46C22ACFA910012963C;
					};
					E49EE48B22ACFA930012963C = {
						CreatedOnToolsVersion = 10.2.1;
						TestTargetID = E49EE46C22ACFA910012963C;
					};
				};
			};
			buildConfigurationList = E49EE46822ACFA910012963C /* Build configuration list for PBXProject "CryptoView" */;
			compatibilityVersion = "Xcode 9.3";
			developmentRegion = en;
			hasScannedForEncodings = 0;
			knownRegions = (
				en,
				Base,
			);
			mainGroup = E49EE46422ACFA910012963C;
			productRefGroup = E49EE46E22ACFA910012963C /* Products */;
			projectDirPath = "";
			projectRoot = "";
			targets = (
				E49EE46C22ACFA910012963C /* CryptoView */,
				E49EE48022ACFA930012963C /* CryptoViewTests */,
				E49EE48B22ACFA930012963C /* CryptoViewUITests */,
			);
		};
/* End PBXProject section */

/* Begin PBXResourcesBuildPhase section */
		E49EE46B22ACFA910012963C /* Resources */ = {
			isa = PBXResourcesBuildPhase;
			buildActionMask = 2147483647;
			files = (
				E49EE47B22ACFA920012963C /* LaunchScreen.storyboard in Resources */,
				E4B4640522AE1E3D00792D65 /* CellCrypto.xib in Resources */,
				E49EE47822ACFA920012963C /* Assets.xcassets in Resources */,
				E49EE47622ACFA910012963C /* Main.storyboard in Resources */,
			);
			runOnlyForDeploymentPostprocessing = 0;
		};
		E49EE47F22ACFA930012963C /* Resources */ = {
			isa = PBXResourcesBuildPhase;
			buildActionMask = 2147483647;
			files = (
			);
			runOnlyForDeploymentPostprocessing = 0;
		};
		E49EE48A22ACFA930012963C /* Resources */ = {
			isa = PBXResourcesBuildPhase;
			buildActionMask = 2147483647;
			files = (
			);
			runOnlyForDeploymentPostprocessing = 0;
		};
/* End PBXResourcesBuildPhase section */

/* Begin PBXShellScriptBuildPhase section */
		4B0E67F547CE42B6091D05D5 /* [CP] Check Pods Manifest.lock */ = {
			isa = PBXShellScriptBuildPhase;
			buildActionMask = 2147483647;
			files = (
			);
			inputFileListPaths = (
			);
			inputPaths = (
				"${PODS_PODFILE_DIR_PATH}/Podfile.lock",
				"${PODS_ROOT}/Manifest.lock",
			);
			name = "[CP] Check Pods Manifest.lock";
			outputFileListPaths = (
			);
			outputPaths = (
				"$(DERIVED_FILE_DIR)/Pods-CryptoViewTests-checkManifestLockResult.txt",
			);
			runOnlyForDeploymentPostprocessing = 0;
			shellPath = /bin/sh;
			shellScript = "diff \"${PODS_PODFILE_DIR_PATH}/Podfile.lock\" \"${PODS_ROOT}/Manifest.lock\" > /dev/null\nif [ $? != 0 ] ; then\n    # print error to STDERR\n    echo \"error: The sandbox is not in sync with the Podfile.lock. Run 'pod install' or update your CocoaPods installation.\" >&2\n    exit 1\nfi\n# This output is used by Xcode 'outputs' to avoid re-running this script phase.\necho \"SUCCESS\" > \"${SCRIPT_OUTPUT_FILE_0}\"\n";
			showEnvVarsInLog = 0;
		};
		ADB20E708BF4F0675EC7D8DC /* [CP] Check Pods Manifest.lock */ = {
			isa = PBXShellScriptBuildPhase;
			buildActionMask = 2147483647;
			files = (
			);
			inputFileListPaths = (
			);
			inputPaths = (
				"${PODS_PODFILE_DIR_PATH}/Podfile.lock",
				"${PODS_ROOT}/Manifest.lock",
			);
			name = "[CP] Check Pods Manifest.lock";
			outputFileListPaths = (
			);
			outputPaths = (
				"$(DERIVED_FILE_DIR)/Pods-CryptoView-checkManifestLockResult.txt",
			);
			runOnlyForDeploymentPostprocessing = 0;
			shellPath = /bin/sh;
			shellScript = "diff \"${PODS_PODFILE_DIR_PATH}/Podfile.lock\" \"${PODS_ROOT}/Manifest.lock\" > /dev/null\nif [ $? != 0 ] ; then\n    # print error to STDERR\n    echo \"error: The sandbox is not in sync with the Podfile.lock. Run 'pod install' or update your CocoaPods installation.\" >&2\n    exit 1\nfi\n# This output is used by Xcode 'outputs' to avoid re-running this script phase.\necho \"SUCCESS\" > \"${SCRIPT_OUTPUT_FILE_0}\"\n";
			showEnvVarsInLog = 0;
		};
		EC67F1021817B93B5A9F5038 /* [CP] Check Pods Manifest.lock */ = {
			isa = PBXShellScriptBuildPhase;
			buildActionMask = 2147483647;
			files = (
			);
			inputFileListPaths = (
			);
			inputPaths = (
				"${PODS_PODFILE_DIR_PATH}/Podfile.lock",
				"${PODS_ROOT}/Manifest.lock",
			);
			name = "[CP] Check Pods Manifest.lock";
			outputFileListPaths = (
			);
			outputPaths = (
				"$(DERIVED_FILE_DIR)/Pods-CryptoViewUITests-checkManifestLockResult.txt",
			);
			runOnlyForDeploymentPostprocessing = 0;
			shellPath = /bin/sh;
			shellScript = "diff \"${PODS_PODFILE_DIR_PATH}/Podfile.lock\" \"${PODS_ROOT}/Manifest.lock\" > /dev/null\nif [ $? != 0 ] ; then\n    # print error to STDERR\n    echo \"error: The sandbox is not in sync with the Podfile.lock. Run 'pod install' or update your CocoaPods installation.\" >&2\n    exit 1\nfi\n# This output is used by Xcode 'outputs' to avoid re-running this script phase.\necho \"SUCCESS\" > \"${SCRIPT_OUTPUT_FILE_0}\"\n";
			showEnvVarsInLog = 0;
		};
		FDC880D966E3E460884A0A64 /* [CP] Embed Pods Frameworks */ = {
			isa = PBXShellScriptBuildPhase;
			buildActionMask = 2147483647;
			files = (
			);
			inputFileListPaths = (
			);
			inputPaths = (
				"${PODS_ROOT}/Target Support Files/Pods-CryptoView/Pods-CryptoView-frameworks.sh",
				"${BUILT_PRODUCTS_DIR}/Alamofire/Alamofire.framework",
				"${BUILT_PRODUCTS_DIR}/Alertift/Alertift.framework",
				"${BUILT_PRODUCTS_DIR}/Realm/Realm.framework",
				"${BUILT_PRODUCTS_DIR}/RealmSwift/RealmSwift.framework",
				"${BUILT_PRODUCTS_DIR}/RxCocoa/RxCocoa.framework",
				"${BUILT_PRODUCTS_DIR}/RxRelay/RxRelay.framework",
				"${BUILT_PRODUCTS_DIR}/RxSwift/RxSwift.framework",
			);
			name = "[CP] Embed Pods Frameworks";
			outputFileListPaths = (
			);
			outputPaths = (
				"${TARGET_BUILD_DIR}/${FRAMEWORKS_FOLDER_PATH}/Alamofire.framework",
				"${TARGET_BUILD_DIR}/${FRAMEWORKS_FOLDER_PATH}/Alertift.framework",
				"${TARGET_BUILD_DIR}/${FRAMEWORKS_FOLDER_PATH}/Realm.framework",
				"${TARGET_BUILD_DIR}/${FRAMEWORKS_FOLDER_PATH}/RealmSwift.framework",
				"${TARGET_BUILD_DIR}/${FRAMEWORKS_FOLDER_PATH}/RxCocoa.framework",
				"${TARGET_BUILD_DIR}/${FRAMEWORKS_FOLDER_PATH}/RxRelay.framework",
				"${TARGET_BUILD_DIR}/${FRAMEWORKS_FOLDER_PATH}/RxSwift.framework",
			);
			runOnlyForDeploymentPostprocessing = 0;
			shellPath = /bin/sh;
			shellScript = "\"${PODS_ROOT}/Target Support Files/Pods-CryptoView/Pods-CryptoView-frameworks.sh\"\n";
			showEnvVarsInLog = 0;
		};
/* End PBXShellScriptBuildPhase section */

/* Begin PBXSourcesBuildPhase section */
		E49EE46922ACFA910012963C /* Sources */ = {
			isa = PBXSourcesBuildPhase;
			buildActionMask = 2147483647;
			files = (
				E49EE4B622AD8DEB0012963C /* Alert.swift in Sources */,
				E49EE4A722AD2B2E0012963C /* LocalCrypto.swift in Sources */,
				E424544822AF8B19003AE4B7 /* SecondViewControllerIteractor.swift in Sources */,
				E4B4640D22AE3CAE00792D65 /* MainViewControllerTableView.swift in Sources */,
				E4B4641022AE75FA00792D65 /* MainViewControllerUI.swift in Sources */,
				E4B4641222AE7E9500792D65 /* MainViewControllerIteractor.swift in Sources */,
				E49EE4AD22AD73F30012963C /* RealmExtensions.swift in Sources */,
				E4B4640722AE223800792D65 /* DoubleExtension.swift in Sources */,
				E49EE47322ACFA910012963C /* MainViewController.swift in Sources */,
				E4B4640B22AE33BC00792D65 /* CellCrypto.swift in Sources */,
				E49EE47122ACFA910012963C /* AppDelegate.swift in Sources */,
				E49EE4AA22AD72D30012963C /* DB.swift in Sources */,
				E49EE4B122AD7B5E0012963C /* Network.swift in Sources */,
				E424544422AF604D003AE4B7 /* SecondViewController.swift in Sources */,
				E4B4640922AE24BF00792D65 /* View.swift in Sources */,
				E424544622AF7745003AE4B7 /* SecondViewControllerUI.swift in Sources */,
				E49EE4A522AD15390012963C /* RealmCrypto.swift in Sources */,
				E49EE4B822AD91950012963C /* ViewControllerExtensions.swift in Sources */,
				E49EE4B322AD7DD20012963C /* Constants.swift in Sources */,
				E4B4641522AEC13100792D65 /* UserSettings.swift in Sources */,
			);
			runOnlyForDeploymentPostprocessing = 0;
		};
		E49EE47D22ACFA930012963C /* Sources */ = {
			isa = PBXSourcesBuildPhase;
			buildActionMask = 2147483647;
			files = (
				E49EE48622ACFA930012963C /* CryptoViewTests.swift in Sources */,
			);
			runOnlyForDeploymentPostprocessing = 0;
		};
		E49EE48822ACFA930012963C /* Sources */ = {
			isa = PBXSourcesBuildPhase;
			buildActionMask = 2147483647;
			files = (
				E49EE49122ACFA930012963C /* CryptoViewUITests.swift in Sources */,
			);
			runOnlyForDeploymentPostprocessing = 0;
		};
/* End PBXSourcesBuildPhase section */

/* Begin PBXTargetDependency section */
		E49EE48322ACFA930012963C /* PBXTargetDependency */ = {
			isa = PBXTargetDependency;
			target = E49EE46C22ACFA910012963C /* CryptoView */;
			targetProxy = E49EE48222ACFA930012963C /* PBXContainerItemProxy */;
		};
		E49EE48E22ACFA930012963C /* PBXTargetDependency */ = {
			isa = PBXTargetDependency;
			target = E49EE46C22ACFA910012963C /* CryptoView */;
			targetProxy = E49EE48D22ACFA930012963C /* PBXContainerItemProxy */;
		};
/* End PBXTargetDependency section */

/* Begin PBXVariantGroup section */
		E49EE47422ACFA910012963C /* Main.storyboard */ = {
			isa = PBXVariantGroup;
			children = (
				E49EE47522ACFA910012963C /* Base */,
			);
			name = Main.storyboard;
			sourceTree = "<group>";
		};
		E49EE47922ACFA920012963C /* LaunchScreen.storyboard */ = {
			isa = PBXVariantGroup;
			children = (
				E49EE47A22ACFA920012963C /* Base */,
			);
			name = LaunchScreen.storyboard;
			sourceTree = "<group>";
		};
/* End PBXVariantGroup section */

/* Begin XCBuildConfiguration section */
		E49EE49322ACFA930012963C /* Debug */ = {
			isa = XCBuildConfiguration;
			buildSettings = {
				ALWAYS_SEARCH_USER_PATHS = NO;
				CLANG_ANALYZER_NONNULL = YES;
				CLANG_ANALYZER_NUMBER_OBJECT_CONVERSION = YES_AGGRESSIVE;
				CLANG_CXX_LANGUAGE_STANDARD = "gnu++14";
				CLANG_CXX_LIBRARY = "libc++";
				CLANG_ENABLE_MODULES = YES;
				CLANG_ENABLE_OBJC_ARC = YES;
				CLANG_ENABLE_OBJC_WEAK = YES;
				CLANG_WARN_BLOCK_CAPTURE_AUTORELEASING = YES;
				CLANG_WARN_BOOL_CONVERSION = YES;
				CLANG_WARN_COMMA = YES;
				CLANG_WARN_CONSTANT_CONVERSION = YES;
				CLANG_WARN_DEPRECATED_OBJC_IMPLEMENTATIONS = YES;
				CLANG_WARN_DIRECT_OBJC_ISA_USAGE = YES_ERROR;
				CLANG_WARN_DOCUMENTATION_COMMENTS = YES;
				CLANG_WARN_EMPTY_BODY = YES;
				CLANG_WARN_ENUM_CONVERSION = YES;
				CLANG_WARN_INFINITE_RECURSION = YES;
				CLANG_WARN_INT_CONVERSION = YES;
				CLANG_WARN_NON_LITERAL_NULL_CONVERSION = YES;
				CLANG_WARN_OBJC_IMPLICIT_RETAIN_SELF = YES;
				CLANG_WARN_OBJC_LITERAL_CONVERSION = YES;
				CLANG_WARN_OBJC_ROOT_CLASS = YES_ERROR;
				CLANG_WARN_RANGE_LOOP_ANALYSIS = YES;
				CLANG_WARN_STRICT_PROTOTYPES = YES;
				CLANG_WARN_SUSPICIOUS_MOVE = YES;
				CLANG_WARN_UNGUARDED_AVAILABILITY = YES_AGGRESSIVE;
				CLANG_WARN_UNREACHABLE_CODE = YES;
				CLANG_WARN__DUPLICATE_METHOD_MATCH = YES;
				CODE_SIGN_IDENTITY = "iPhone Developer";
				COPY_PHASE_STRIP = NO;
				DEBUG_INFORMATION_FORMAT = dwarf;
				ENABLE_STRICT_OBJC_MSGSEND = YES;
				ENABLE_TESTABILITY = YES;
				GCC_C_LANGUAGE_STANDARD = gnu11;
				GCC_DYNAMIC_NO_PIC = NO;
				GCC_NO_COMMON_BLOCKS = YES;
				GCC_OPTIMIZATION_LEVEL = 0;
				GCC_PREPROCESSOR_DEFINITIONS = (
					"DEBUG=1",
					"$(inherited)",
				);
				GCC_WARN_64_TO_32_BIT_CONVERSION = YES;
				GCC_WARN_ABOUT_RETURN_TYPE = YES_ERROR;
				GCC_WARN_UNDECLARED_SELECTOR = YES;
				GCC_WARN_UNINITIALIZED_AUTOS = YES_AGGRESSIVE;
				GCC_WARN_UNUSED_FUNCTION = YES;
				GCC_WARN_UNUSED_VARIABLE = YES;
				IPHONEOS_DEPLOYMENT_TARGET = 12.2;
				MTL_ENABLE_DEBUG_INFO = INCLUDE_SOURCE;
				MTL_FAST_MATH = YES;
				ONLY_ACTIVE_ARCH = YES;
				SDKROOT = iphoneos;
				SWIFT_ACTIVE_COMPILATION_CONDITIONS = DEBUG;
				SWIFT_OPTIMIZATION_LEVEL = "-Onone";
			};
			name = Debug;
		};
		E49EE49422ACFA930012963C /* Release */ = {
			isa = XCBuildConfiguration;
			buildSettings = {
				ALWAYS_SEARCH_USER_PATHS = NO;
				CLANG_ANALYZER_NONNULL = YES;
				CLANG_ANALYZER_NUMBER_OBJECT_CONVERSION = YES_AGGRESSIVE;
				CLANG_CXX_LANGUAGE_STANDARD = "gnu++14";
				CLANG_CXX_LIBRARY = "libc++";
				CLANG_ENABLE_MODULES = YES;
				CLANG_ENABLE_OBJC_ARC = YES;
				CLANG_ENABLE_OBJC_WEAK = YES;
				CLANG_WARN_BLOCK_CAPTURE_AUTORELEASING = YES;
				CLANG_WARN_BOOL_CONVERSION = YES;
				CLANG_WARN_COMMA = YES;
				CLANG_WARN_CONSTANT_CONVERSION = YES;
				CLANG_WARN_DEPRECATED_OBJC_IMPLEMENTATIONS = YES;
				CLANG_WARN_DIRECT_OBJC_ISA_USAGE = YES_ERROR;
				CLANG_WARN_DOCUMENTATION_COMMENTS = YES;
				CLANG_WARN_EMPTY_BODY = YES;
				CLANG_WARN_ENUM_CONVERSION = YES;
				CLANG_WARN_INFINITE_RECURSION = YES;
				CLANG_WARN_INT_CONVERSION = YES;
				CLANG_WARN_NON_LITERAL_NULL_CONVERSION = YES;
				CLANG_WARN_OBJC_IMPLICIT_RETAIN_SELF = YES;
				CLANG_WARN_OBJC_LITERAL_CONVERSION = YES;
				CLANG_WARN_OBJC_ROOT_CLASS = YES_ERROR;
				CLANG_WARN_RANGE_LOOP_ANALYSIS = YES;
				CLANG_WARN_STRICT_PROTOTYPES = YES;
				CLANG_WARN_SUSPICIOUS_MOVE = YES;
				CLANG_WARN_UNGUARDED_AVAILABILITY = YES_AGGRESSIVE;
				CLANG_WARN_UNREACHABLE_CODE = YES;
				CLANG_WARN__DUPLICATE_METHOD_MATCH = YES;
				CODE_SIGN_IDENTITY = "iPhone Developer";
				COPY_PHASE_STRIP = NO;
				DEBUG_INFORMATION_FORMAT = "dwarf-with-dsym";
				ENABLE_NS_ASSERTIONS = NO;
				ENABLE_STRICT_OBJC_MSGSEND = YES;
				GCC_C_LANGUAGE_STANDARD = gnu11;
				GCC_NO_COMMON_BLOCKS = YES;
				GCC_WARN_64_TO_32_BIT_CONVERSION = YES;
				GCC_WARN_ABOUT_RETURN_TYPE = YES_ERROR;
				GCC_WARN_UNDECLARED_SELECTOR = YES;
				GCC_WARN_UNINITIALIZED_AUTOS = YES_AGGRESSIVE;
				GCC_WARN_UNUSED_FUNCTION = YES;
				GCC_WARN_UNUSED_VARIABLE = YES;
				IPHONEOS_DEPLOYMENT_TARGET = 12.2;
				MTL_ENABLE_DEBUG_INFO = NO;
				MTL_FAST_MATH = YES;
				SDKROOT = iphoneos;
				SWIFT_COMPILATION_MODE = wholemodule;
				SWIFT_OPTIMIZATION_LEVEL = "-O";
				VALIDATE_PRODUCT = YES;
			};
			name = Release;
		};
		E49EE49622ACFA930012963C /* Debug */ = {
			isa = XCBuildConfiguration;
			baseConfigurationReference = 4E1ECAE813802798CC284FEF /* Pods-CryptoView.debug.xcconfig */;
			buildSettings = {
				ASSETCATALOG_COMPILER_APPICON_NAME = AppIcon;
				CODE_SIGN_STYLE = Automatic;
				DEVELOPMENT_TEAM = TVY5AKDK6Z;
				INFOPLIST_FILE = CryptoView/Info.plist;
				LD_RUNPATH_SEARCH_PATHS = (
					"$(inherited)",
					"@executable_path/Frameworks",
				);
				PRODUCT_BUNDLE_IDENTIFIER = com.ilgiz.CryptoView;
				PRODUCT_NAME = "$(TARGET_NAME)";
				SWIFT_VERSION = 5.0;
				TARGETED_DEVICE_FAMILY = "1,2";
			};
			name = Debug;
		};
		E49EE49722ACFA930012963C /* Release */ = {
			isa = XCBuildConfiguration;
			baseConfigurationReference = 23911AFE49F591DFFB50DFFF /* Pods-CryptoView.release.xcconfig */;
			buildSettings = {
				ASSETCATALOG_COMPILER_APPICON_NAME = AppIcon;
				CODE_SIGN_STYLE = Automatic;
				DEVELOPMENT_TEAM = TVY5AKDK6Z;
				INFOPLIST_FILE = CryptoView/Info.plist;
				LD_RUNPATH_SEARCH_PATHS = (
					"$(inherited)",
					"@executable_path/Frameworks",
				);
				PRODUCT_BUNDLE_IDENTIFIER = com.ilgiz.CryptoView;
				PRODUCT_NAME = "$(TARGET_NAME)";
				SWIFT_VERSION = 5.0;
				TARGETED_DEVICE_FAMILY = "1,2";
			};
			name = Release;
		};
		E49EE49922ACFA930012963C /* Debug */ = {
			isa = XCBuildConfiguration;
			baseConfigurationReference = 842197C6201C4504036E5A9A /* Pods-CryptoViewTests.debug.xcconfig */;
			buildSettings = {
				ALWAYS_EMBED_SWIFT_STANDARD_LIBRARIES = YES;
				BUNDLE_LOADER = "$(TEST_HOST)";
				CODE_SIGN_STYLE = Automatic;
				DEVELOPMENT_TEAM = TVY5AKDK6Z;
				INFOPLIST_FILE = CryptoViewTests/Info.plist;
				LD_RUNPATH_SEARCH_PATHS = (
					"$(inherited)",
					"@executable_path/Frameworks",
					"@loader_path/Frameworks",
				);
				PRODUCT_BUNDLE_IDENTIFIER = com.ilgiz.CryptoViewTests;
				PRODUCT_NAME = "$(TARGET_NAME)";
				SWIFT_VERSION = 5.0;
				TARGETED_DEVICE_FAMILY = "1,2";
				TEST_HOST = "$(BUILT_PRODUCTS_DIR)/CryptoView.app/CryptoView";
			};
			name = Debug;
		};
		E49EE49A22ACFA930012963C /* Release */ = {
			isa = XCBuildConfiguration;
			baseConfigurationReference = 53B514A2EAA5105924F34BAF /* Pods-CryptoViewTests.release.xcconfig */;
			buildSettings = {
				ALWAYS_EMBED_SWIFT_STANDARD_LIBRARIES = YES;
				BUNDLE_LOADER = "$(TEST_HOST)";
				CODE_SIGN_STYLE = Automatic;
				DEVELOPMENT_TEAM = TVY5AKDK6Z;
				INFOPLIST_FILE = CryptoViewTests/Info.plist;
				LD_RUNPATH_SEARCH_PATHS = (
					"$(inherited)",
					"@executable_path/Frameworks",
					"@loader_path/Frameworks",
				);
				PRODUCT_BUNDLE_IDENTIFIER = com.ilgiz.CryptoViewTests;
				PRODUCT_NAME = "$(TARGET_NAME)";
				SWIFT_VERSION = 5.0;
				TARGETED_DEVICE_FAMILY = "1,2";
				TEST_HOST = "$(BUILT_PRODUCTS_DIR)/CryptoView.app/CryptoView";
			};
			name = Release;
		};
		E49EE49C22ACFA930012963C /* Debug */ = {
			isa = XCBuildConfiguration;
			baseConfigurationReference = F873467B0DCA8662CB7E8850 /* Pods-CryptoViewUITests.debug.xcconfig */;
			buildSettings = {
				ALWAYS_EMBED_SWIFT_STANDARD_LIBRARIES = YES;
				CODE_SIGN_STYLE = Automatic;
				DEVELOPMENT_TEAM = TVY5AKDK6Z;
				INFOPLIST_FILE = CryptoViewUITests/Info.plist;
				LD_RUNPATH_SEARCH_PATHS = (
					"$(inherited)",
					"@executable_path/Frameworks",
					"@loader_path/Frameworks",
				);
				PRODUCT_BUNDLE_IDENTIFIER = com.ilgiz.CryptoViewUITests;
				PRODUCT_NAME = "$(TARGET_NAME)";
				SWIFT_VERSION = 5.0;
				TARGETED_DEVICE_FAMILY = "1,2";
				TEST_TARGET_NAME = CryptoView;
			};
			name = Debug;
		};
		E49EE49D22ACFA930012963C /* Release */ = {
			isa = XCBuildConfiguration;
			baseConfigurationReference = 2629D17A576D7D5BC7725748 /* Pods-CryptoViewUITests.release.xcconfig */;
			buildSettings = {
				ALWAYS_EMBED_SWIFT_STANDARD_LIBRARIES = YES;
				CODE_SIGN_STYLE = Automatic;
				DEVELOPMENT_TEAM = TVY5AKDK6Z;
				INFOPLIST_FILE = CryptoViewUITests/Info.plist;
				LD_RUNPATH_SEARCH_PATHS = (
					"$(inherited)",
					"@executable_path/Frameworks",
					"@loader_path/Frameworks",
				);
				PRODUCT_BUNDLE_IDENTIFIER = com.ilgiz.CryptoViewUITests;
				PRODUCT_NAME = "$(TARGET_NAME)";
				SWIFT_VERSION = 5.0;
				TARGETED_DEVICE_FAMILY = "1,2";
				TEST_TARGET_NAME = CryptoView;
			};
			name = Release;
		};
/* End XCBuildConfiguration section */

/* Begin XCConfigurationList section */
		E49EE46822ACFA910012963C /* Build configuration list for PBXProject "CryptoView" */ = {
			isa = XCConfigurationList;
			buildConfigurations = (
				E49EE49322ACFA930012963C /* Debug */,
				E49EE49422ACFA930012963C /* Release */,
			);
			defaultConfigurationIsVisible = 0;
			defaultConfigurationName = Release;
		};
		E49EE49522ACFA930012963C /* Build configuration list for PBXNativeTarget "CryptoView" */ = {
			isa = XCConfigurationList;
			buildConfigurations = (
				E49EE49622ACFA930012963C /* Debug */,
				E49EE49722ACFA930012963C /* Release */,
			);
			defaultConfigurationIsVisible = 0;
			defaultConfigurationName = Release;
		};
		E49EE49822ACFA930012963C /* Build configuration list for PBXNativeTarget "CryptoViewTests" */ = {
			isa = XCConfigurationList;
			buildConfigurations = (
				E49EE49922ACFA930012963C /* Debug */,
				E49EE49A22ACFA930012963C /* Release */,
			);
			defaultConfigurationIsVisible = 0;
			defaultConfigurationName = Release;
		};
		E49EE49B22ACFA930012963C /* Build configuration list for PBXNativeTarget "CryptoViewUITests" */ = {
			isa = XCConfigurationList;
			buildConfigurations = (
				E49EE49C22ACFA930012963C /* Debug */,
				E49EE49D22ACFA930012963C /* Release */,
			);
			defaultConfigurationIsVisible = 0;
			defaultConfigurationName = Release;
		};
/* End XCConfigurationList section */
	};
	rootObject = E49EE46522ACFA910012963C /* Project object */;
}
